// !$*UTF8*$!
{
	archiveVersion = 1;
	classes = {
	};
	objectVersion = 51;
	objects = {

/* Begin PBXBuildFile section */
		5345181C1DDDB4D85283BE26 /* Pods_Movies.framework in Frameworks */ = {isa = PBXBuildFile; fileRef = 7E5860BCC4B4EF01205F77E6 /* Pods_Movies.framework */; };
		F1028C1B2438BCD9006BCBED /* MovieAPIList.swift in Sources */ = {isa = PBXBuildFile; fileRef = F1028C1A2438BCD9006BCBED /* MovieAPIList.swift */; };
		F1028C1D2438BCE9006BCBED /* MovieAPIListView.swift in Sources */ = {isa = PBXBuildFile; fileRef = F1028C1C2438BCE9006BCBED /* MovieAPIListView.swift */; };
		F1028C1F2438BCF5006BCBED /* Response.swift in Sources */ = {isa = PBXBuildFile; fileRef = F1028C1E2438BCF5006BCBED /* Response.swift */; };
		F1028C222438BD66006BCBED /* NetworkManager.swift in Sources */ = {isa = PBXBuildFile; fileRef = F1028C212438BD66006BCBED /* NetworkManager.swift */; };
		F1028C242438BD70006BCBED /* SerializationManager.swift in Sources */ = {isa = PBXBuildFile; fileRef = F1028C232438BD70006BCBED /* SerializationManager.swift */; };
		F1AE6184243A23F900664364 /* DateUtils.swift in Sources */ = {isa = PBXBuildFile; fileRef = F1AE6183243A23F900664364 /* DateUtils.swift */; };
		F1BABCD32432371C003D2DCC /* AppDelegate.swift in Sources */ = {isa = PBXBuildFile; fileRef = F1BABCD22432371C003D2DCC /* AppDelegate.swift */; };
		F1BABCD52432371C003D2DCC /* SceneDelegate.swift in Sources */ = {isa = PBXBuildFile; fileRef = F1BABCD42432371C003D2DCC /* SceneDelegate.swift */; };
		F1BABCDC2432371E003D2DCC /* Assets.xcassets in Resources */ = {isa = PBXBuildFile; fileRef = F1BABCDB2432371E003D2DCC /* Assets.xcassets */; };
		F1BABCDF2432371E003D2DCC /* LaunchScreen.storyboard in Resources */ = {isa = PBXBuildFile; fileRef = F1BABCDD2432371E003D2DCC /* LaunchScreen.storyboard */; };
		F1BABCE7243237BC003D2DCC /* MovieCellItem.swift in Sources */ = {isa = PBXBuildFile; fileRef = F1BABCE6243237BC003D2DCC /* MovieCellItem.swift */; };
		F1BABCE9243237E9003D2DCC /* MovieCell.swift in Sources */ = {isa = PBXBuildFile; fileRef = F1BABCE8243237E9003D2DCC /* MovieCell.swift */; };
		F1BABCEB2432381B003D2DCC /* MovieListViewController.swift in Sources */ = {isa = PBXBuildFile; fileRef = F1BABCEA2432381B003D2DCC /* MovieListViewController.swift */; };
		F1BABCED24323838003D2DCC /* SingleMovieViewController.swift in Sources */ = {isa = PBXBuildFile; fileRef = F1BABCEC24323838003D2DCC /* SingleMovieViewController.swift */; };
		F1BABCF524323897003D2DCC /* ImageCell.swift in Sources */ = {isa = PBXBuildFile; fileRef = F1BABCF424323897003D2DCC /* ImageCell.swift */; };
		F1BABCF7243238A1003D2DCC /* TitleCell.swift in Sources */ = {isa = PBXBuildFile; fileRef = F1BABCF6243238A1003D2DCC /* TitleCell.swift */; };
		F1BABCF9243238AA003D2DCC /* GenreCell.swift in Sources */ = {isa = PBXBuildFile; fileRef = F1BABCF8243238AA003D2DCC /* GenreCell.swift */; };
		F1BABCFB243238B9003D2DCC /* DirectorCell.swift in Sources */ = {isa = PBXBuildFile; fileRef = F1BABCFA243238B9003D2DCC /* DirectorCell.swift */; };
		F1BABCFD243238C3003D2DCC /* DescriptionCell.swift in Sources */ = {isa = PBXBuildFile; fileRef = F1BABCFC243238C3003D2DCC /* DescriptionCell.swift */; };
		F1BABD0324323931003D2DCC /* MoviesDataTypeEnum.swift in Sources */ = {isa = PBXBuildFile; fileRef = F1BABD0224323931003D2DCC /* MoviesDataTypeEnum.swift */; };
		F1BABD0824323A0C003D2DCC /* Quicksand-Medium.ttf in Resources */ = {isa = PBXBuildFile; fileRef = F1BABD0424323A0C003D2DCC /* Quicksand-Medium.ttf */; };
		F1BABD0924323A0C003D2DCC /* Quicksand-Light.ttf in Resources */ = {isa = PBXBuildFile; fileRef = F1BABD0524323A0C003D2DCC /* Quicksand-Light.ttf */; };
		F1BABD0A24323A0C003D2DCC /* Quicksand-Regular.ttf in Resources */ = {isa = PBXBuildFile; fileRef = F1BABD0624323A0C003D2DCC /* Quicksand-Regular.ttf */; };
		F1BABD0B24323A0C003D2DCC /* Quicksand-Bold.ttf in Resources */ = {isa = PBXBuildFile; fileRef = F1BABD0724323A0C003D2DCC /* Quicksand-Bold.ttf */; };
/* End PBXBuildFile section */

/* Begin PBXFileReference section */
		2616DF9304B399A1C6256502 /* Pods-Movies.debug.xcconfig */ = {isa = PBXFileReference; includeInIndex = 1; lastKnownFileType = text.xcconfig; name = "Pods-Movies.debug.xcconfig"; path = "Target Support Files/Pods-Movies/Pods-Movies.debug.xcconfig"; sourceTree = "<group>"; };
		46AA00D2E7C81D6381515668 /* Pods-Movies.release.xcconfig */ = {isa = PBXFileReference; includeInIndex = 1; lastKnownFileType = text.xcconfig; name = "Pods-Movies.release.xcconfig"; path = "Target Support Files/Pods-Movies/Pods-Movies.release.xcconfig"; sourceTree = "<group>"; };
		7E5860BCC4B4EF01205F77E6 /* Pods_Movies.framework */ = {isa = PBXFileReference; explicitFileType = wrapper.framework; includeInIndex = 0; path = Pods_Movies.framework; sourceTree = BUILT_PRODUCTS_DIR; };
		F1028C1A2438BCD9006BCBED /* MovieAPIList.swift */ = {isa = PBXFileReference; lastKnownFileType = sourcecode.swift; path = MovieAPIList.swift; sourceTree = "<group>"; };
		F1028C1C2438BCE9006BCBED /* MovieAPIListView.swift */ = {isa = PBXFileReference; lastKnownFileType = sourcecode.swift; path = MovieAPIListView.swift; sourceTree = "<group>"; };
		F1028C1E2438BCF5006BCBED /* Response.swift */ = {isa = PBXFileReference; lastKnownFileType = sourcecode.swift; path = Response.swift; sourceTree = "<group>"; };
		F1028C212438BD66006BCBED /* NetworkManager.swift */ = {isa = PBXFileReference; lastKnownFileType = sourcecode.swift; path = NetworkManager.swift; sourceTree = "<group>"; };
		F1028C232438BD70006BCBED /* SerializationManager.swift */ = {isa = PBXFileReference; lastKnownFileType = sourcecode.swift; path = SerializationManager.swift; sourceTree = "<group>"; };
		F1AE6183243A23F900664364 /* DateUtils.swift */ = {isa = PBXFileReference; lastKnownFileType = sourcecode.swift; path = DateUtils.swift; sourceTree = "<group>"; };
		F1BABCCF2432371C003D2DCC /* Movies.app */ = {isa = PBXFileReference; explicitFileType = wrapper.application; includeInIndex = 0; path = Movies.app; sourceTree = BUILT_PRODUCTS_DIR; };
		F1BABCD22432371C003D2DCC /* AppDelegate.swift */ = {isa = PBXFileReference; lastKnownFileType = sourcecode.swift; path = AppDelegate.swift; sourceTree = "<group>"; };
		F1BABCD42432371C003D2DCC /* SceneDelegate.swift */ = {isa = PBXFileReference; lastKnownFileType = sourcecode.swift; path = SceneDelegate.swift; sourceTree = "<group>"; };
		F1BABCDB2432371E003D2DCC /* Assets.xcassets */ = {isa = PBXFileReference; lastKnownFileType = folder.assetcatalog; path = Assets.xcassets; sourceTree = "<group>"; };
		F1BABCDE2432371E003D2DCC /* Base */ = {isa = PBXFileReference; lastKnownFileType = file.storyboard; name = Base; path = Base.lproj/LaunchScreen.storyboard; sourceTree = "<group>"; };
		F1BABCE02432371E003D2DCC /* Info.plist */ = {isa = PBXFileReference; lastKnownFileType = text.plist.xml; path = Info.plist; sourceTree = "<group>"; };
		F1BABCE6243237BC003D2DCC /* MovieCellItem.swift */ = {isa = PBXFileReference; lastKnownFileType = sourcecode.swift; path = MovieCellItem.swift; sourceTree = "<group>"; };
		F1BABCE8243237E9003D2DCC /* MovieCell.swift */ = {isa = PBXFileReference; lastKnownFileType = sourcecode.swift; path = MovieCell.swift; sourceTree = "<group>"; };
		F1BABCEA2432381B003D2DCC /* MovieListViewController.swift */ = {isa = PBXFileReference; lastKnownFileType = sourcecode.swift; path = MovieListViewController.swift; sourceTree = "<group>"; };
		F1BABCEC24323838003D2DCC /* SingleMovieViewController.swift */ = {isa = PBXFileReference; lastKnownFileType = sourcecode.swift; path = SingleMovieViewController.swift; sourceTree = "<group>"; };
		F1BABCF424323897003D2DCC /* ImageCell.swift */ = {isa = PBXFileReference; lastKnownFileType = sourcecode.swift; path = ImageCell.swift; sourceTree = "<group>"; };
		F1BABCF6243238A1003D2DCC /* TitleCell.swift */ = {isa = PBXFileReference; lastKnownFileType = sourcecode.swift; path = TitleCell.swift; sourceTree = "<group>"; };
		F1BABCF8243238AA003D2DCC /* GenreCell.swift */ = {isa = PBXFileReference; lastKnownFileType = sourcecode.swift; path = GenreCell.swift; sourceTree = "<group>"; };
		F1BABCFA243238B9003D2DCC /* DirectorCell.swift */ = {isa = PBXFileReference; lastKnownFileType = sourcecode.swift; path = DirectorCell.swift; sourceTree = "<group>"; };
		F1BABCFC243238C3003D2DCC /* DescriptionCell.swift */ = {isa = PBXFileReference; lastKnownFileType = sourcecode.swift; path = DescriptionCell.swift; sourceTree = "<group>"; };
		F1BABD0224323931003D2DCC /* MoviesDataTypeEnum.swift */ = {isa = PBXFileReference; lastKnownFileType = sourcecode.swift; path = MoviesDataTypeEnum.swift; sourceTree = "<group>"; };
		F1BABD0424323A0C003D2DCC /* Quicksand-Medium.ttf */ = {isa = PBXFileReference; lastKnownFileType = file; path = "Quicksand-Medium.ttf"; sourceTree = "<group>"; };
		F1BABD0524323A0C003D2DCC /* Quicksand-Light.ttf */ = {isa = PBXFileReference; lastKnownFileType = file; path = "Quicksand-Light.ttf"; sourceTree = "<group>"; };
		F1BABD0624323A0C003D2DCC /* Quicksand-Regular.ttf */ = {isa = PBXFileReference; lastKnownFileType = file; path = "Quicksand-Regular.ttf"; sourceTree = "<group>"; };
		F1BABD0724323A0C003D2DCC /* Quicksand-Bold.ttf */ = {isa = PBXFileReference; lastKnownFileType = file; path = "Quicksand-Bold.ttf"; sourceTree = "<group>"; };
/* End PBXFileReference section */

/* Begin PBXFrameworksBuildPhase section */
		F1BABCCC2432371C003D2DCC /* Frameworks */ = {
			isa = PBXFrameworksBuildPhase;
			buildActionMask = 2147483647;
			files = (
				5345181C1DDDB4D85283BE26 /* Pods_Movies.framework in Frameworks */,
			);
			runOnlyForDeploymentPostprocessing = 0;
		};
/* End PBXFrameworksBuildPhase section */

/* Begin PBXGroup section */
		32A08C183789783B5A98BD88 /* Frameworks */ = {
			isa = PBXGroup;
			children = (
				7E5860BCC4B4EF01205F77E6 /* Pods_Movies.framework */,
			);
			name = Frameworks;
			sourceTree = "<group>";
		};
		F0A98694B2DF1F14C1D39DF2 /* Pods */ = {
			isa = PBXGroup;
			children = (
				2616DF9304B399A1C6256502 /* Pods-Movies.debug.xcconfig */,
				46AA00D2E7C81D6381515668 /* Pods-Movies.release.xcconfig */,
			);
			path = Pods;
			sourceTree = "<group>";
		};
		F1028C202438BD54006BCBED /* Manager */ = {
			isa = PBXGroup;
			children = (
				F1028C212438BD66006BCBED /* NetworkManager.swift */,
				F1028C232438BD70006BCBED /* SerializationManager.swift */,
			);
			path = Manager;
			sourceTree = "<group>";
		};
		F1028C2C243A03D9006BCBED /* UI */ = {
			isa = PBXGroup;
			children = (
				F1BABCF32432387F003D2DCC /* Cells */,
			);
			path = UI;
			sourceTree = "<group>";
		};
		F1028C2D243A03EF006BCBED /* MovieList */ = {
			isa = PBXGroup;
			children = (
				F1028C2E243A03F9006BCBED /* UI */,
				F1BABCEA2432381B003D2DCC /* MovieListViewController.swift */,
			);
			path = MovieList;
			sourceTree = "<group>";
		};
		F1028C2E243A03F9006BCBED /* UI */ = {
			isa = PBXGroup;
			children = (
				F1028C2F243A0400006BCBED /* Cells */,
			);
			path = UI;
			sourceTree = "<group>";
		};
		F1028C2F243A0400006BCBED /* Cells */ = {
			isa = PBXGroup;
			children = (
				F1BABCE8243237E9003D2DCC /* MovieCell.swift */,
			);
			path = Cells;
			sourceTree = "<group>";
		};
		F1AE6182243A23EA00664364 /* Utils */ = {
			isa = PBXGroup;
			children = (
				F1AE6183243A23F900664364 /* DateUtils.swift */,
			);
			path = Utils;
			sourceTree = "<group>";
		};
		F1BABCC62432371C003D2DCC = {
			isa = PBXGroup;
			children = (
				F1BABCD12432371C003D2DCC /* Movies */,
				F1BABCD02432371C003D2DCC /* Products */,
				F0A98694B2DF1F14C1D39DF2 /* Pods */,
				32A08C183789783B5A98BD88 /* Frameworks */,
			);
			sourceTree = "<group>";
		};
		F1BABCD02432371C003D2DCC /* Products */ = {
			isa = PBXGroup;
			children = (
				F1BABCCF2432371C003D2DCC /* Movies.app */,
			);
			name = Products;
			sourceTree = "<group>";
		};
		F1BABCD12432371C003D2DCC /* Movies */ = {
			isa = PBXGroup;
			children = (
				F1AE6182243A23EA00664364 /* Utils */,
				F1BABCEF2432384D003D2DCC /* Fonts */,
				F1BABCF024323852003D2DCC /* Model */,
				F1028C202438BD54006BCBED /* Manager */,
				F1BABCF224323871003D2DCC /* MovieSingle */,
				F1028C2D243A03EF006BCBED /* MovieList */,
				F1BABCEE24323846003D2DCC /* Enums */,
				F1BABCD22432371C003D2DCC /* AppDelegate.swift */,
				F1BABCD42432371C003D2DCC /* SceneDelegate.swift */,
				F1BABCDB2432371E003D2DCC /* Assets.xcassets */,
				F1BABCDD2432371E003D2DCC /* LaunchScreen.storyboard */,
				F1BABCE02432371E003D2DCC /* Info.plist */,
			);
			path = Movies;
			sourceTree = "<group>";
		};
		F1BABCEE24323846003D2DCC /* Enums */ = {
			isa = PBXGroup;
			children = (
				F1BABD0224323931003D2DCC /* MoviesDataTypeEnum.swift */,
			);
			path = Enums;
			sourceTree = "<group>";
		};
		F1BABCEF2432384D003D2DCC /* Fonts */ = {
			isa = PBXGroup;
			children = (
				F1BABD0724323A0C003D2DCC /* Quicksand-Bold.ttf */,
				F1BABD0524323A0C003D2DCC /* Quicksand-Light.ttf */,
				F1BABD0424323A0C003D2DCC /* Quicksand-Medium.ttf */,
				F1BABD0624323A0C003D2DCC /* Quicksand-Regular.ttf */,
			);
			path = Fonts;
			sourceTree = "<group>";
		};
		F1BABCF024323852003D2DCC /* Model */ = {
			isa = PBXGroup;
			children = (
				F1BABCE6243237BC003D2DCC /* MovieCellItem.swift */,
				F1028C1A2438BCD9006BCBED /* MovieAPIList.swift */,
				F1028C1C2438BCE9006BCBED /* MovieAPIListView.swift */,
				F1028C1E2438BCF5006BCBED /* Response.swift */,
			);
			path = Model;
			sourceTree = "<group>";
		};
		F1BABCF224323871003D2DCC /* MovieSingle */ = {
			isa = PBXGroup;
			children = (
				F1028C2C243A03D9006BCBED /* UI */,
				F1BABCEC24323838003D2DCC /* SingleMovieViewController.swift */,
			);
			path = MovieSingle;
			sourceTree = "<group>";
		};
		F1BABCF32432387F003D2DCC /* Cells */ = {
			isa = PBXGroup;
			children = (
				F1BABCF424323897003D2DCC /* ImageCell.swift */,
				F1BABCF6243238A1003D2DCC /* TitleCell.swift */,
				F1BABCF8243238AA003D2DCC /* GenreCell.swift */,
				F1BABCFA243238B9003D2DCC /* DirectorCell.swift */,
				F1BABCFC243238C3003D2DCC /* DescriptionCell.swift */,
			);
			path = Cells;
			sourceTree = "<group>";
		};
/* End PBXGroup section */

/* Begin PBXNativeTarget section */
		F1BABCCE2432371C003D2DCC /* Movies */ = {
			isa = PBXNativeTarget;
			buildConfigurationList = F1BABCE32432371E003D2DCC /* Build configuration list for PBXNativeTarget "Movies" */;
			buildPhases = (
				E1FF8E38E2D63E290651299B /* [CP] Check Pods Manifest.lock */,
				F1BABCCB2432371C003D2DCC /* Sources */,
				F1BABCCC2432371C003D2DCC /* Frameworks */,
				F1BABCCD2432371C003D2DCC /* Resources */,
				1611BDE20DCB27ABB5C58F54 /* [CP] Embed Pods Frameworks */,
			);
			buildRules = (
			);
			dependencies = (
			);
			name = Movies;
			productName = Movies;
			productReference = F1BABCCF2432371C003D2DCC /* Movies.app */;
			productType = "com.apple.product-type.application";
		};
/* End PBXNativeTarget section */

/* Begin PBXProject section */
		F1BABCC72432371C003D2DCC /* Project object */ = {
			isa = PBXProject;
			attributes = {
				LastSwiftUpdateCheck = 1140;
				LastUpgradeCheck = 1140;
				ORGANIZATIONNAME = "Miran Hrupački";
				TargetAttributes = {
					F1BABCCE2432371C003D2DCC = {
						CreatedOnToolsVersion = 11.4;
					};
				};
			};
			buildConfigurationList = F1BABCCA2432371C003D2DCC /* Build configuration list for PBXProject "Movies" */;
			compatibilityVersion = "Xcode 9.3";
			developmentRegion = en;
			hasScannedForEncodings = 0;
			knownRegions = (
				en,
				Base,
			);
			mainGroup = F1BABCC62432371C003D2DCC;
			productRefGroup = F1BABCD02432371C003D2DCC /* Products */;
			projectDirPath = "";
			projectRoot = "";
			targets = (
				F1BABCCE2432371C003D2DCC /* Movies */,
			);
		};
/* End PBXProject section */

/* Begin PBXResourcesBuildPhase section */
		F1BABCCD2432371C003D2DCC /* Resources */ = {
			isa = PBXResourcesBuildPhase;
			buildActionMask = 2147483647;
			files = (
				F1BABCDF2432371E003D2DCC /* LaunchScreen.storyboard in Resources */,
				F1BABD0B24323A0C003D2DCC /* Quicksand-Bold.ttf in Resources */,
				F1BABCDC2432371E003D2DCC /* Assets.xcassets in Resources */,
				F1BABD0824323A0C003D2DCC /* Quicksand-Medium.ttf in Resources */,
				F1BABD0924323A0C003D2DCC /* Quicksand-Light.ttf in Resources */,
				F1BABD0A24323A0C003D2DCC /* Quicksand-Regular.ttf in Resources */,
			);
			runOnlyForDeploymentPostprocessing = 0;
		};
/* End PBXResourcesBuildPhase section */

/* Begin PBXShellScriptBuildPhase section */
		1611BDE20DCB27ABB5C58F54 /* [CP] Embed Pods Frameworks */ = {
			isa = PBXShellScriptBuildPhase;
			buildActionMask = 2147483647;
			files = (
			);
			inputFileListPaths = (
				"${PODS_ROOT}/Target Support Files/Pods-Movies/Pods-Movies-frameworks-${CONFIGURATION}-input-files.xcfilelist",
			);
			name = "[CP] Embed Pods Frameworks";
			outputFileListPaths = (
				"${PODS_ROOT}/Target Support Files/Pods-Movies/Pods-Movies-frameworks-${CONFIGURATION}-output-files.xcfilelist",
			);
			runOnlyForDeploymentPostprocessing = 0;
			shellPath = /bin/sh;
			shellScript = "\"${PODS_ROOT}/Target Support Files/Pods-Movies/Pods-Movies-frameworks.sh\"\n";
			showEnvVarsInLog = 0;
		};
		E1FF8E38E2D63E290651299B /* [CP] Check Pods Manifest.lock */ = {
			isa = PBXShellScriptBuildPhase;
			buildActionMask = 2147483647;
			files = (
			);
			inputFileListPaths = (
			);
			inputPaths = (
				"${PODS_PODFILE_DIR_PATH}/Podfile.lock",
				"${PODS_ROOT}/Manifest.lock",
			);
			name = "[CP] Check Pods Manifest.lock";
			outputFileListPaths = (
			);
			outputPaths = (
				"$(DERIVED_FILE_DIR)/Pods-Movies-checkManifestLockResult.txt",
			);
			runOnlyForDeploymentPostprocessing = 0;
			shellPath = /bin/sh;
			shellScript = "diff \"${PODS_PODFILE_DIR_PATH}/Podfile.lock\" \"${PODS_ROOT}/Manifest.lock\" > /dev/null\nif [ $? != 0 ] ; then\n    # print error to STDERR\n    echo \"error: The sandbox is not in sync with the Podfile.lock. Run 'pod install' or update your CocoaPods installation.\" >&2\n    exit 1\nfi\n# This output is used by Xcode 'outputs' to avoid re-running this script phase.\necho \"SUCCESS\" > \"${SCRIPT_OUTPUT_FILE_0}\"\n";
			showEnvVarsInLog = 0;
		};
/* End PBXShellScriptBuildPhase section */

/* Begin PBXSourcesBuildPhase section */
		F1BABCCB2432371C003D2DCC /* Sources */ = {
			isa = PBXSourcesBuildPhase;
			buildActionMask = 2147483647;
			files = (
				F1028C222438BD66006BCBED /* NetworkManager.swift in Sources */,
				F1BABD0324323931003D2DCC /* MoviesDataTypeEnum.swift in Sources */,
				F1028C1D2438BCE9006BCBED /* MovieAPIListView.swift in Sources */,
				F1028C1F2438BCF5006BCBED /* Response.swift in Sources */,
				F1BABCED24323838003D2DCC /* SingleMovieViewController.swift in Sources */,
				F1BABCFB243238B9003D2DCC /* DirectorCell.swift in Sources */,
				F1BABCE7243237BC003D2DCC /* MovieCellItem.swift in Sources */,
				F1BABCF9243238AA003D2DCC /* GenreCell.swift in Sources */,
				F1BABCF7243238A1003D2DCC /* TitleCell.swift in Sources */,
				F1BABCD32432371C003D2DCC /* AppDelegate.swift in Sources */,
				F1028C242438BD70006BCBED /* SerializationManager.swift in Sources */,
				F1BABCE9243237E9003D2DCC /* MovieCell.swift in Sources */,
				F1BABCFD243238C3003D2DCC /* DescriptionCell.swift in Sources */,
				F1AE6184243A23F900664364 /* DateUtils.swift in Sources */,
				F1028C1B2438BCD9006BCBED /* MovieAPIList.swift in Sources */,
				F1BABCF524323897003D2DCC /* ImageCell.swift in Sources */,
				F1BABCD52432371C003D2DCC /* SceneDelegate.swift in Sources */,
				F1BABCEB2432381B003D2DCC /* MovieListViewController.swift in Sources */,
			);
			runOnlyForDeploymentPostprocessing = 0;
		};
/* End PBXSourcesBuildPhase section */

/* Begin PBXVariantGroup section */
		F1BABCDD2432371E003D2DCC /* LaunchScreen.storyboard */ = {
			isa = PBXVariantGroup;
			children = (
				F1BABCDE2432371E003D2DCC /* Base */,
			);
			name = LaunchScreen.storyboard;
			sourceTree = "<group>";
		};
/* End PBXVariantGroup section */

/* Begin XCBuildConfiguration section */
		F1BABCE12432371E003D2DCC /* Debug */ = {
			isa = XCBuildConfiguration;
			buildSettings = {
				ALWAYS_SEARCH_USER_PATHS = NO;
				CLANG_ANALYZER_NONNULL = YES;
				CLANG_ANALYZER_NUMBER_OBJECT_CONVERSION = YES_AGGRESSIVE;
				CLANG_CXX_LANGUAGE_STANDARD = "gnu++14";
				CLANG_CXX_LIBRARY = "libc++";
				CLANG_ENABLE_MODULES = YES;
				CLANG_ENABLE_OBJC_ARC = YES;
				CLANG_ENABLE_OBJC_WEAK = YES;
				CLANG_WARN_BLOCK_CAPTURE_AUTORELEASING = YES;
				CLANG_WARN_BOOL_CONVERSION = YES;
				CLANG_WARN_COMMA = YES;
				CLANG_WARN_CONSTANT_CONVERSION = YES;
				CLANG_WARN_DEPRECATED_OBJC_IMPLEMENTATIONS = YES;
				CLANG_WARN_DIRECT_OBJC_ISA_USAGE = YES_ERROR;
				CLANG_WARN_DOCUMENTATION_COMMENTS = YES;
				CLANG_WARN_EMPTY_BODY = YES;
				CLANG_WARN_ENUM_CONVERSION = YES;
				CLANG_WARN_INFINITE_RECURSION = YES;
				CLANG_WARN_INT_CONVERSION = YES;
				CLANG_WARN_NON_LITERAL_NULL_CONVERSION = YES;
				CLANG_WARN_OBJC_IMPLICIT_RETAIN_SELF = YES;
				CLANG_WARN_OBJC_LITERAL_CONVERSION = YES;
				CLANG_WARN_OBJC_ROOT_CLASS = YES_ERROR;
				CLANG_WARN_RANGE_LOOP_ANALYSIS = YES;
				CLANG_WARN_STRICT_PROTOTYPES = YES;
				CLANG_WARN_SUSPICIOUS_MOVE = YES;
				CLANG_WARN_UNGUARDED_AVAILABILITY = YES_AGGRESSIVE;
				CLANG_WARN_UNREACHABLE_CODE = YES;
				CLANG_WARN__DUPLICATE_METHOD_MATCH = YES;
				COPY_PHASE_STRIP = NO;
				DEBUG_INFORMATION_FORMAT = dwarf;
				ENABLE_STRICT_OBJC_MSGSEND = YES;
				ENABLE_TESTABILITY = YES;
				GCC_C_LANGUAGE_STANDARD = gnu11;
				GCC_DYNAMIC_NO_PIC = NO;
				GCC_NO_COMMON_BLOCKS = YES;
				GCC_OPTIMIZATION_LEVEL = 0;
				GCC_PREPROCESSOR_DEFINITIONS = (
					"DEBUG=1",
					"$(inherited)",
				);
				GCC_WARN_64_TO_32_BIT_CONVERSION = YES;
				GCC_WARN_ABOUT_RETURN_TYPE = YES_ERROR;
				GCC_WARN_UNDECLARED_SELECTOR = YES;
				GCC_WARN_UNINITIALIZED_AUTOS = YES_AGGRESSIVE;
				GCC_WARN_UNUSED_FUNCTION = YES;
				GCC_WARN_UNUSED_VARIABLE = YES;
				IPHONEOS_DEPLOYMENT_TARGET = 13.4;
				MTL_ENABLE_DEBUG_INFO = INCLUDE_SOURCE;
				MTL_FAST_MATH = YES;
				ONLY_ACTIVE_ARCH = YES;
				SDKROOT = iphoneos;
				SWIFT_ACTIVE_COMPILATION_CONDITIONS = DEBUG;
				SWIFT_OPTIMIZATION_LEVEL = "-Onone";
			};
			name = Debug;
		};
		F1BABCE22432371E003D2DCC /* Release */ = {
			isa = XCBuildConfiguration;
			buildSettings = {
				ALWAYS_SEARCH_USER_PATHS = NO;
				CLANG_ANALYZER_NONNULL = YES;
				CLANG_ANALYZER_NUMBER_OBJECT_CONVERSION = YES_AGGRESSIVE;
				CLANG_CXX_LANGUAGE_STANDARD = "gnu++14";
				CLANG_CXX_LIBRARY = "libc++";
				CLANG_ENABLE_MODULES = YES;
				CLANG_ENABLE_OBJC_ARC = YES;
				CLANG_ENABLE_OBJC_WEAK = YES;
				CLANG_WARN_BLOCK_CAPTURE_AUTORELEASING = YES;
				CLANG_WARN_BOOL_CONVERSION = YES;
				CLANG_WARN_COMMA = YES;
				CLANG_WARN_CONSTANT_CONVERSION = YES;
				CLANG_WARN_DEPRECATED_OBJC_IMPLEMENTATIONS = YES;
				CLANG_WARN_DIRECT_OBJC_ISA_USAGE = YES_ERROR;
				CLANG_WARN_DOCUMENTATION_COMMENTS = YES;
				CLANG_WARN_EMPTY_BODY = YES;
				CLANG_WARN_ENUM_CONVERSION = YES;
				CLANG_WARN_INFINITE_RECURSION = YES;
				CLANG_WARN_INT_CONVERSION = YES;
				CLANG_WARN_NON_LITERAL_NULL_CONVERSION = YES;
				CLANG_WARN_OBJC_IMPLICIT_RETAIN_SELF = YES;
				CLANG_WARN_OBJC_LITERAL_CONVERSION = YES;
				CLANG_WARN_OBJC_ROOT_CLASS = YES_ERROR;
				CLANG_WARN_RANGE_LOOP_ANALYSIS = YES;
				CLANG_WARN_STRICT_PROTOTYPES = YES;
				CLANG_WARN_SUSPICIOUS_MOVE = YES;
				CLANG_WARN_UNGUARDED_AVAILABILITY = YES_AGGRESSIVE;
				CLANG_WARN_UNREACHABLE_CODE = YES;
				CLANG_WARN__DUPLICATE_METHOD_MATCH = YES;
				COPY_PHASE_STRIP = NO;
				DEBUG_INFORMATION_FORMAT = "dwarf-with-dsym";
				ENABLE_NS_ASSERTIONS = NO;
				ENABLE_STRICT_OBJC_MSGSEND = YES;
				GCC_C_LANGUAGE_STANDARD = gnu11;
				GCC_NO_COMMON_BLOCKS = YES;
				GCC_WARN_64_TO_32_BIT_CONVERSION = YES;
				GCC_WARN_ABOUT_RETURN_TYPE = YES_ERROR;
				GCC_WARN_UNDECLARED_SELECTOR = YES;
				GCC_WARN_UNINITIALIZED_AUTOS = YES_AGGRESSIVE;
				GCC_WARN_UNUSED_FUNCTION = YES;
				GCC_WARN_UNUSED_VARIABLE = YES;
				IPHONEOS_DEPLOYMENT_TARGET = 13.4;
				MTL_ENABLE_DEBUG_INFO = NO;
				MTL_FAST_MATH = YES;
				SDKROOT = iphoneos;
				SWIFT_COMPILATION_MODE = wholemodule;
				SWIFT_OPTIMIZATION_LEVEL = "-O";
				VALIDATE_PRODUCT = YES;
			};
			name = Release;
		};
		F1BABCE42432371E003D2DCC /* Debug */ = {
			isa = XCBuildConfiguration;
			baseConfigurationReference = 2616DF9304B399A1C6256502 /* Pods-Movies.debug.xcconfig */;
			buildSettings = {
				ASSETCATALOG_COMPILER_APPICON_NAME = AppIcon;
				CODE_SIGN_STYLE = Automatic;
				INFOPLIST_FILE = Movies/Info.plist;
				LD_RUNPATH_SEARCH_PATHS = (
					"$(inherited)",
					"@executable_path/Frameworks",
				);
				PRODUCT_BUNDLE_IDENTIFIER = "iOS-akademija.Movies";
				PRODUCT_NAME = "$(TARGET_NAME)";
				SWIFT_VERSION = 5.0;
				TARGETED_DEVICE_FAMILY = "1,2";
			};
			name = Debug;
		};
		F1BABCE52432371E003D2DCC /* Release */ = {
			isa = XCBuildConfiguration;
			baseConfigurationReference = 46AA00D2E7C81D6381515668 /* Pods-Movies.release.xcconfig */;
			buildSettings = {
				ASSETCATALOG_COMPILER_APPICON_NAME = AppIcon;
				CODE_SIGN_STYLE = Automatic;
				INFOPLIST_FILE = Movies/Info.plist;
				LD_RUNPATH_SEARCH_PATHS = (
					"$(inherited)",
					"@executable_path/Frameworks",
				);
				PRODUCT_BUNDLE_IDENTIFIER = "iOS-akademija.Movies";
				PRODUCT_NAME = "$(TARGET_NAME)";
				SWIFT_VERSION = 5.0;
				TARGETED_DEVICE_FAMILY = "1,2";
			};
			name = Release;
		};
/* End XCBuildConfiguration section */

/* Begin XCConfigurationList section */
		F1BABCCA2432371C003D2DCC /* Build configuration list for PBXProject "Movies" */ = {
			isa = XCConfigurationList;
			buildConfigurations = (
				F1BABCE12432371E003D2DCC /* Debug */,
				F1BABCE22432371E003D2DCC /* Release */,
			);
			defaultConfigurationIsVisible = 0;
			defaultConfigurationName = Release;
		};
		F1BABCE32432371E003D2DCC /* Build configuration list for PBXNativeTarget "Movies" */ = {
			isa = XCConfigurationList;
			buildConfigurations = (
				F1BABCE42432371E003D2DCC /* Debug */,
				F1BABCE52432371E003D2DCC /* Release */,
			);
			defaultConfigurationIsVisible = 0;
			defaultConfigurationName = Release;
		};
/* End XCConfigurationList section */
	};
	rootObject = F1BABCC72432371C003D2DCC /* Project object */;
}
